// !$*UTF8*$!
{
	archiveVersion = 1;
	classes = {
	};
	objectVersion = 50;
	objects = {

/* Begin PBXBuildFile section */
		CA31652F246BD78900066F1E /* AppDelegate.swift in Sources */ = {isa = PBXBuildFile; fileRef = CA31652E246BD78900066F1E /* AppDelegate.swift */; };
		CA316531246BD78900066F1E /* SceneDelegate.swift in Sources */ = {isa = PBXBuildFile; fileRef = CA316530246BD78900066F1E /* SceneDelegate.swift */; };
		CA316536246BD78900066F1E /* Main.storyboard in Resources */ = {isa = PBXBuildFile; fileRef = CA316534246BD78900066F1E /* Main.storyboard */; };
		CA316538246BD78E00066F1E /* Assets.xcassets in Resources */ = {isa = PBXBuildFile; fileRef = CA316537246BD78E00066F1E /* Assets.xcassets */; };
		CA31653B246BD78E00066F1E /* LaunchScreen.storyboard in Resources */ = {isa = PBXBuildFile; fileRef = CA316539246BD78E00066F1E /* LaunchScreen.storyboard */; };
		CA316547246D0D0D00066F1E /* DummyData.swift in Sources */ = {isa = PBXBuildFile; fileRef = CA316546246D0D0D00066F1E /* DummyData.swift */; };
		CA316549246D0FD300066F1E /* ManageIngredient.swift in Sources */ = {isa = PBXBuildFile; fileRef = CA316548246D0FD300066F1E /* ManageIngredient.swift */; };
		CA31654B246D19BF00066F1E /* IngredientViewController.swift in Sources */ = {isa = PBXBuildFile; fileRef = CA31654A246D19BF00066F1E /* IngredientViewController.swift */; };
/* End PBXBuildFile section */

/* Begin PBXFileReference section */
		CA31652B246BD78900066F1E /* ManageIngredient.app */ = {isa = PBXFileReference; explicitFileType = wrapper.application; includeInIndex = 0; path = ManageIngredient.app; sourceTree = BUILT_PRODUCTS_DIR; };
		CA31652E246BD78900066F1E /* AppDelegate.swift */ = {isa = PBXFileReference; lastKnownFileType = sourcecode.swift; path = AppDelegate.swift; sourceTree = "<group>"; };
		CA316530246BD78900066F1E /* SceneDelegate.swift */ = {isa = PBXFileReference; lastKnownFileType = sourcecode.swift; path = SceneDelegate.swift; sourceTree = "<group>"; };
		CA316535246BD78900066F1E /* Base */ = {isa = PBXFileReference; lastKnownFileType = file.storyboard; name = Base; path = Base.lproj/Main.storyboard; sourceTree = "<group>"; };
		CA316537246BD78E00066F1E /* Assets.xcassets */ = {isa = PBXFileReference; lastKnownFileType = folder.assetcatalog; path = Assets.xcassets; sourceTree = "<group>"; };
		CA31653A246BD78E00066F1E /* Base */ = {isa = PBXFileReference; lastKnownFileType = file.storyboard; name = Base; path = Base.lproj/LaunchScreen.storyboard; sourceTree = "<group>"; };
		CA31653C246BD78E00066F1E /* Info.plist */ = {isa = PBXFileReference; lastKnownFileType = text.plist.xml; path = Info.plist; sourceTree = "<group>"; };
		CA316546246D0D0D00066F1E /* DummyData.swift */ = {isa = PBXFileReference; lastKnownFileType = sourcecode.swift; path = DummyData.swift; sourceTree = "<group>"; };
		CA316548246D0FD300066F1E /* ManageIngredient.swift */ = {isa = PBXFileReference; fileEncoding = 4; lastKnownFileType = sourcecode.swift; path = ManageIngredient.swift; sourceTree = "<group>"; };
		CA31654A246D19BF00066F1E /* IngredientViewController.swift */ = {isa = PBXFileReference; lastKnownFileType = sourcecode.swift; path = IngredientViewController.swift; sourceTree = "<group>"; };
/* End PBXFileReference section */

/* Begin PBXFrameworksBuildPhase section */
		CA316528246BD78900066F1E /* Frameworks */ = {
			isa = PBXFrameworksBuildPhase;
			buildActionMask = 2147483647;
			files = (
			);
			runOnlyForDeploymentPostprocessing = 0;
		};
/* End PBXFrameworksBuildPhase section */

/* Begin PBXGroup section */
		CA316522246BD78900066F1E = {
			isa = PBXGroup;
			children = (
				CA31652D246BD78900066F1E /* ManageIngredient */,
				CA31652C246BD78900066F1E /* Products */,
			);
			sourceTree = "<group>";
		};
		CA31652C246BD78900066F1E /* Products */ = {
			isa = PBXGroup;
			children = (
				CA31652B246BD78900066F1E /* ManageIngredient.app */,
			);
			name = Products;
			sourceTree = "<group>";
		};
		CA31652D246BD78900066F1E /* ManageIngredient */ = {
			isa = PBXGroup;
			children = (
				CA31652E246BD78900066F1E /* AppDelegate.swift */,
				CA316530246BD78900066F1E /* SceneDelegate.swift */,
				CA316534246BD78900066F1E /* Main.storyboard */,
				CA31654A246D19BF00066F1E /* IngredientViewController.swift */,
				CA316537246BD78E00066F1E /* Assets.xcassets */,
				CA316539246BD78E00066F1E /* LaunchScreen.storyboard */,
				CA31653C246BD78E00066F1E /* Info.plist */,
				CA316548246D0FD300066F1E /* ManageIngredient.swift */,
				CA316546246D0D0D00066F1E /* DummyData.swift */,
			);
			path = ManageIngredient;
			sourceTree = "<group>";
		};
/* End PBXGroup section */

/* Begin PBXNativeTarget section */
		CA31652A246BD78900066F1E /* ManageIngredient */ = {
			isa = PBXNativeTarget;
			buildConfigurationList = CA31653F246BD78E00066F1E /* Build configuration list for PBXNativeTarget "ManageIngredient" */;
			buildPhases = (
				CA316527246BD78900066F1E /* Sources */,
				CA316528246BD78900066F1E /* Frameworks */,
				CA316529246BD78900066F1E /* Resources */,
			);
			buildRules = (
			);
			dependencies = (
			);
			name = ManageIngredient;
			productName = ManageIngredient;
			productReference = CA31652B246BD78900066F1E /* ManageIngredient.app */;
			productType = "com.apple.product-type.application";
		};
/* End PBXNativeTarget section */

/* Begin PBXProject section */
		CA316523246BD78900066F1E /* Project object */ = {
			isa = PBXProject;
			attributes = {
				LastSwiftUpdateCheck = 1140;
				LastUpgradeCheck = 1140;
				ORGANIZATIONNAME = "정지훈";
				TargetAttributes = {
					CA31652A246BD78900066F1E = {
						CreatedOnToolsVersion = 11.4.1;
					};
				};
			};
			buildConfigurationList = CA316526246BD78900066F1E /* Build configuration list for PBXProject "ManageIngredient" */;
			compatibilityVersion = "Xcode 9.3";
			developmentRegion = en;
			hasScannedForEncodings = 0;
			knownRegions = (
				en,
				Base,
			);
			mainGroup = CA316522246BD78900066F1E;
			productRefGroup = CA31652C246BD78900066F1E /* Products */;
			projectDirPath = "";
			projectRoot = "";
			targets = (
				CA31652A246BD78900066F1E /* ManageIngredient */,
			);
		};
/* End PBXProject section */

/* Begin PBXResourcesBuildPhase section */
		CA316529246BD78900066F1E /* Resources */ = {
			isa = PBXResourcesBuildPhase;
			buildActionMask = 2147483647;
			files = (
				CA31653B246BD78E00066F1E /* LaunchScreen.storyboard in Resources */,
				CA316538246BD78E00066F1E /* Assets.xcassets in Resources */,
				CA316536246BD78900066F1E /* Main.storyboard in Resources */,
			);
			runOnlyForDeploymentPostprocessing = 0;
		};
/* End PBXResourcesBuildPhase section */

/* Begin PBXSourcesBuildPhase section */
		CA316527246BD78900066F1E /* Sources */ = {
			isa = PBXSourcesBuildPhase;
			buildActionMask = 2147483647;
			files = (
				CA31654B246D19BF00066F1E /* IngredientViewController.swift in Sources */,
				CA31652F246BD78900066F1E /* AppDelegate.swift in Sources */,
				CA316547246D0D0D00066F1E /* DummyData.swift in Sources */,
				CA316531246BD78900066F1E /* SceneDelegate.swift in Sources */,
				CA316549246D0FD300066F1E /* ManageIngredient.swift in Sources */,
			);
			runOnlyForDeploymentPostprocessing = 0;
		};
/* End PBXSourcesBuildPhase section */

/* Begin PBXVariantGroup section */
		CA316534246BD78900066F1E /* Main.storyboard */ = {
			isa = PBXVariantGroup;
			children = (
				CA316535246BD78900066F1E /* Base */,
			);
			name = Main.storyboard;
			sourceTree = "<group>";
		};
		CA316539246BD78E00066F1E /* LaunchScreen.storyboard */ = {
			isa = PBXVariantGroup;
			children = (
				CA31653A246BD78E00066F1E /* Base */,
			);
			name = LaunchScreen.storyboard;
			sourceTree = "<group>";
		};
/* End PBXVariantGroup section */

/* Begin XCBuildConfiguration section */
		CA31653D246BD78E00066F1E /* Debug */ = {
			isa = XCBuildConfiguration;
			buildSettings = {
				ALWAYS_SEARCH_USER_PATHS = NO;
				CLANG_ANALYZER_NONNULL = YES;
				CLANG_ANALYZER_NUMBER_OBJECT_CONVERSION = YES_AGGRESSIVE;
				CLANG_CXX_LANGUAGE_STANDARD = "gnu++14";
				CLANG_CXX_LIBRARY = "libc++";
				CLANG_ENABLE_MODULES = YES;
				CLANG_ENABLE_OBJC_ARC = YES;
				CLANG_ENABLE_OBJC_WEAK = YES;
				CLANG_WARN_BLOCK_CAPTURE_AUTORELEASING = YES;
				CLANG_WARN_BOOL_CONVERSION = YES;
				CLANG_WARN_COMMA = YES;
				CLANG_WARN_CONSTANT_CONVERSION = YES;
				CLANG_WARN_DEPRECATED_OBJC_IMPLEMENTATIONS = YES;
				CLANG_WARN_DIRECT_OBJC_ISA_USAGE = YES_ERROR;
				CLANG_WARN_DOCUMENTATION_COMMENTS = YES;
				CLANG_WARN_EMPTY_BODY = YES;
				CLANG_WARN_ENUM_CONVERSION = YES;
				CLANG_WARN_INFINITE_RECURSION = YES;
				CLANG_WARN_INT_CONVERSION = YES;
				CLANG_WARN_NON_LITERAL_NULL_CONVERSION = YES;
				CLANG_WARN_OBJC_IMPLICIT_RETAIN_SELF = YES;
				CLANG_WARN_OBJC_LITERAL_CONVERSION = YES;
				CLANG_WARN_OBJC_ROOT_CLASS = YES_ERROR;
				CLANG_WARN_RANGE_LOOP_ANALYSIS = YES;
				CLANG_WARN_STRICT_PROTOTYPES = YES;
				CLANG_WARN_SUSPICIOUS_MOVE = YES;
				CLANG_WARN_UNGUARDED_AVAILABILITY = YES_AGGRESSIVE;
				CLANG_WARN_UNREACHABLE_CODE = YES;
				CLANG_WARN__DUPLICATE_METHOD_MATCH = YES;
				COPY_PHASE_STRIP = NO;
				DEBUG_INFORMATION_FORMAT = dwarf;
				ENABLE_STRICT_OBJC_MSGSEND = YES;
				ENABLE_TESTABILITY = YES;
				GCC_C_LANGUAGE_STANDARD = gnu11;
				GCC_DYNAMIC_NO_PIC = NO;
				GCC_NO_COMMON_BLOCKS = YES;
				GCC_OPTIMIZATION_LEVEL = 0;
				GCC_PREPROCESSOR_DEFINITIONS = (
					"DEBUG=1",
					"$(inherited)",
				);
				GCC_WARN_64_TO_32_BIT_CONVERSION = YES;
				GCC_WARN_ABOUT_RETURN_TYPE = YES_ERROR;
				GCC_WARN_UNDECLARED_SELECTOR = YES;
				GCC_WARN_UNINITIALIZED_AUTOS = YES_AGGRESSIVE;
				GCC_WARN_UNUSED_FUNCTION = YES;
				GCC_WARN_UNUSED_VARIABLE = YES;
				IPHONEOS_DEPLOYMENT_TARGET = 13.4;
				MTL_ENABLE_DEBUG_INFO = INCLUDE_SOURCE;
				MTL_FAST_MATH = YES;
				ONLY_ACTIVE_ARCH = YES;
				SDKROOT = iphoneos;
				SWIFT_ACTIVE_COMPILATION_CONDITIONS = DEBUG;
				SWIFT_OPTIMIZATION_LEVEL = "-Onone";
			};
			name = Debug;
		};
		CA31653E246BD78E00066F1E /* Release */ = {
			isa = XCBuildConfiguration;
			buildSettings = {
				ALWAYS_SEARCH_USER_PATHS = NO;
				CLANG_ANALYZER_NONNULL = YES;
				CLANG_ANALYZER_NUMBER_OBJECT_CONVERSION = YES_AGGRESSIVE;
				CLANG_CXX_LANGUAGE_STANDARD = "gnu++14";
				CLANG_CXX_LIBRARY = "libc++";
				CLANG_ENABLE_MODULES = YES;
				CLANG_ENABLE_OBJC_ARC = YES;
				CLANG_ENABLE_OBJC_WEAK = YES;
				CLANG_WARN_BLOCK_CAPTURE_AUTORELEASING = YES;
				CLANG_WARN_BOOL_CONVERSION = YES;
				CLANG_WARN_COMMA = YES;
				CLANG_WARN_CONSTANT_CONVERSION = YES;
				CLANG_WARN_DEPRECATED_OBJC_IMPLEMENTATIONS = YES;
				CLANG_WARN_DIRECT_OBJC_ISA_USAGE = YES_ERROR;
				CLANG_WARN_DOCUMENTATION_COMMENTS = YES;
				CLANG_WARN_EMPTY_BODY = YES;
				CLANG_WARN_ENUM_CONVERSION = YES;
				CLANG_WARN_INFINITE_RECURSION = YES;
				CLANG_WARN_INT_CONVERSION = YES;
				CLANG_WARN_NON_LITERAL_NULL_CONVERSION = YES;
				CLANG_WARN_OBJC_IMPLICIT_RETAIN_SELF = YES;
				CLANG_WARN_OBJC_LITERAL_CONVERSION = YES;
				CLANG_WARN_OBJC_ROOT_CLASS = YES_ERROR;
				CLANG_WARN_RANGE_LOOP_ANALYSIS = YES;
				CLANG_WARN_STRICT_PROTOTYPES = YES;
				CLANG_WARN_SUSPICIOUS_MOVE = YES;
				CLANG_WARN_UNGUARDED_AVAILABILITY = YES_AGGRESSIVE;
				CLANG_WARN_UNREACHABLE_CODE = YES;
				CLANG_WARN__DUPLICATE_METHOD_MATCH = YES;
				COPY_PHASE_STRIP = NO;
				DEBUG_INFORMATION_FORMAT = "dwarf-with-dsym";
				ENABLE_NS_ASSERTIONS = NO;
				ENABLE_STRICT_OBJC_MSGSEND = YES;
				GCC_C_LANGUAGE_STANDARD = gnu11;
				GCC_NO_COMMON_BLOCKS = YES;
				GCC_WARN_64_TO_32_BIT_CONVERSION = YES;
				GCC_WARN_ABOUT_RETURN_TYPE = YES_ERROR;
				GCC_WARN_UNDECLARED_SELECTOR = YES;
				GCC_WARN_UNINITIALIZED_AUTOS = YES_AGGRESSIVE;
				GCC_WARN_UNUSED_FUNCTION = YES;
				GCC_WARN_UNUSED_VARIABLE = YES;
				IPHONEOS_DEPLOYMENT_TARGET = 13.4;
				MTL_ENABLE_DEBUG_INFO = NO;
				MTL_FAST_MATH = YES;
				SDKROOT = iphoneos;
				SWIFT_COMPILATION_MODE = wholemodule;
				SWIFT_OPTIMIZATION_LEVEL = "-O";
				VALIDATE_PRODUCT = YES;
			};
			name = Release;
		};
		CA316540246BD78E00066F1E /* Debug */ = {
			isa = XCBuildConfiguration;
			buildSettings = {
				ASSETCATALOG_COMPILER_APPICON_NAME = AppIcon;
				CODE_SIGN_STYLE = Automatic;
				DEVELOPMENT_TEAM = 8R48AF6356;
				INFOPLIST_FILE = ManageIngredient/Info.plist;
				LD_RUNPATH_SEARCH_PATHS = (
					"$(inherited)",
					"@executable_path/Frameworks",
				);
				PRODUCT_BUNDLE_IDENTIFIER = com.example.ManageIngredient;
				PRODUCT_NAME = "$(TARGET_NAME)";
				SWIFT_VERSION = 5.0;
				TARGETED_DEVICE_FAMILY = "1,2";
			};
			name = Debug;
		};
		CA316541246BD78E00066F1E /* Release */ = {
			isa = XCBuildConfiguration;
			buildSettings = {
				ASSETCATALOG_COMPILER_APPICON_NAME = AppIcon;
				CODE_SIGN_STYLE = Automatic;
				DEVELOPMENT_TEAM = 8R48AF6356;
				INFOPLIST_FILE = ManageIngredient/Info.plist;
				LD_RUNPATH_SEARCH_PATHS = (
					"$(inherited)",
					"@executable_path/Frameworks",
				);
				PRODUCT_BUNDLE_IDENTIFIER = com.example.ManageIngredient;
				PRODUCT_NAME = "$(TARGET_NAME)";
				SWIFT_VERSION = 5.0;
				TARGETED_DEVICE_FAMILY = "1,2";
			};
			name = Release;
		};
/* End XCBuildConfiguration section */

/* Begin XCConfigurationList section */
		CA316526246BD78900066F1E /* Build configuration list for PBXProject "ManageIngredient" */ = {
			isa = XCConfigurationList;
			buildConfigurations = (
				CA31653D246BD78E00066F1E /* Debug */,
				CA31653E246BD78E00066F1E /* Release */,
			);
			defaultConfigurationIsVisible = 0;
			defaultConfigurationName = Release;
		};
		CA31653F246BD78E00066F1E /* Build configuration list for PBXNativeTarget "ManageIngredient" */ = {
			isa = XCConfigurationList;
			buildConfigurations = (
				CA316540246BD78E00066F1E /* Debug */,
				CA316541246BD78E00066F1E /* Release */,
			);
			defaultConfigurationIsVisible = 0;
			defaultConfigurationName = Release;
		};
/* End XCConfigurationList section */
	};
	rootObject = CA316523246BD78900066F1E /* Project object */;
}
